// !$*UTF8*$!
{
	archiveVersion = 1;
	classes = {
	};
	objectVersion = 55;
	objects = {

/* Begin PBXBuildFile section */
		9621EF8B2853970500B5A0ED /* PointsView.swift in Sources */ = {isa = PBXBuildFile; fileRef = 9621EF8A2853970500B5A0ED /* PointsView.swift */; };
		96313E1F28518CAB00EF50CA /* TextViews.swift in Sources */ = {isa = PBXBuildFile; fileRef = 96313E1E28518CAB00EF50CA /* TextViews.swift */; };
		96313E2128518FC600EF50CA /* SliderView.swift in Sources */ = {isa = PBXBuildFile; fileRef = 96313E2028518FC600EF50CA /* SliderView.swift */; };
		96313E232852742600EF50CA /* HitMeButtonView.swift in Sources */ = {isa = PBXBuildFile; fileRef = 96313E222852742600EF50CA /* HitMeButtonView.swift */; };
		96313E2528527B9900EF50CA /* RoundedViews.swift in Sources */ = {isa = PBXBuildFile; fileRef = 96313E2428527B9900EF50CA /* RoundedViews.swift */; };
		966BFBC9285112D10081D280 /* Game.swift in Sources */ = {isa = PBXBuildFile; fileRef = 966BFBC8285112D10081D280 /* Game.swift */; };
		966BFBD1285117640081D280 /* BullseyeTests.swift in Sources */ = {isa = PBXBuildFile; fileRef = 966BFBD0285117640081D280 /* BullseyeTests.swift */; };
		96715C0B284FD250003DDF3D /* BullseyeApp.swift in Sources */ = {isa = PBXBuildFile; fileRef = 96715C0A284FD250003DDF3D /* BullseyeApp.swift */; };
		96715C0D284FD250003DDF3D /* ContentView.swift in Sources */ = {isa = PBXBuildFile; fileRef = 96715C0C284FD250003DDF3D /* ContentView.swift */; };
		96715C0F284FD252003DDF3D /* Assets.xcassets in Resources */ = {isa = PBXBuildFile; fileRef = 96715C0E284FD252003DDF3D /* Assets.xcassets */; };
		96715C12284FD252003DDF3D /* Preview Assets.xcassets in Resources */ = {isa = PBXBuildFile; fileRef = 96715C11284FD252003DDF3D /* Preview Assets.xcassets */; };
		9678E586285286EE00185385 /* BackgroundView.swift in Sources */ = {isa = PBXBuildFile; fileRef = 9678E585285286EE00185385 /* BackgroundView.swift */; };
		9678E58828528EBB00185385 /* CustomSpacer.swift in Sources */ = {isa = PBXBuildFile; fileRef = 9678E58728528EBB00185385 /* CustomSpacer.swift */; };
		96F2AC0528539F1800D56A80 /* Shapes.swift in Sources */ = {isa = PBXBuildFile; fileRef = 96F2AC0428539F1800D56A80 /* Shapes.swift */; };
		96F2AC072853ABF500D56A80 /* Constants.swift in Sources */ = {isa = PBXBuildFile; fileRef = 96F2AC062853ABF500D56A80 /* Constants.swift */; };
		96F2AC092853CD3A00D56A80 /* LeaderboardView.swift in Sources */ = {isa = PBXBuildFile; fileRef = 96F2AC082853CD3A00D56A80 /* LeaderboardView.swift */; };
/* End PBXBuildFile section */

/* Begin PBXContainerItemProxy section */
		966BFBD2285117640081D280 /* PBXContainerItemProxy */ = {
			isa = PBXContainerItemProxy;
			containerPortal = 96715BFF284FD250003DDF3D /* Project object */;
			proxyType = 1;
			remoteGlobalIDString = 96715C06284FD250003DDF3D;
			remoteInfo = Bullseye;
		};
/* End PBXContainerItemProxy section */

/* Begin PBXFileReference section */
		9621EF8A2853970500B5A0ED /* PointsView.swift */ = {isa = PBXFileReference; lastKnownFileType = sourcecode.swift; path = PointsView.swift; sourceTree = "<group>"; };
		96313E1E28518CAB00EF50CA /* TextViews.swift */ = {isa = PBXFileReference; lastKnownFileType = sourcecode.swift; path = TextViews.swift; sourceTree = "<group>"; };
		96313E2028518FC600EF50CA /* SliderView.swift */ = {isa = PBXFileReference; lastKnownFileType = sourcecode.swift; path = SliderView.swift; sourceTree = "<group>"; };
		96313E222852742600EF50CA /* HitMeButtonView.swift */ = {isa = PBXFileReference; lastKnownFileType = sourcecode.swift; path = HitMeButtonView.swift; sourceTree = "<group>"; };
		96313E2428527B9900EF50CA /* RoundedViews.swift */ = {isa = PBXFileReference; lastKnownFileType = sourcecode.swift; path = RoundedViews.swift; sourceTree = "<group>"; };
		966BFBC8285112D10081D280 /* Game.swift */ = {isa = PBXFileReference; lastKnownFileType = sourcecode.swift; path = Game.swift; sourceTree = "<group>"; };
		966BFBCE285117640081D280 /* BullseyeTests.xctest */ = {isa = PBXFileReference; explicitFileType = wrapper.cfbundle; includeInIndex = 0; path = BullseyeTests.xctest; sourceTree = BUILT_PRODUCTS_DIR; };
		966BFBD0285117640081D280 /* BullseyeTests.swift */ = {isa = PBXFileReference; lastKnownFileType = sourcecode.swift; path = BullseyeTests.swift; sourceTree = "<group>"; };
		96715C07284FD250003DDF3D /* Bulls Eye.app */ = {isa = PBXFileReference; explicitFileType = wrapper.application; includeInIndex = 0; path = "Bulls Eye.app"; sourceTree = BUILT_PRODUCTS_DIR; };
		96715C0A284FD250003DDF3D /* BullseyeApp.swift */ = {isa = PBXFileReference; lastKnownFileType = sourcecode.swift; path = BullseyeApp.swift; sourceTree = "<group>"; };
		96715C0C284FD250003DDF3D /* ContentView.swift */ = {isa = PBXFileReference; lastKnownFileType = sourcecode.swift; path = ContentView.swift; sourceTree = "<group>"; };
		96715C0E284FD252003DDF3D /* Assets.xcassets */ = {isa = PBXFileReference; lastKnownFileType = folder.assetcatalog; path = Assets.xcassets; sourceTree = "<group>"; };
		96715C11284FD252003DDF3D /* Preview Assets.xcassets */ = {isa = PBXFileReference; lastKnownFileType = folder.assetcatalog; path = "Preview Assets.xcassets"; sourceTree = "<group>"; };
		9678E585285286EE00185385 /* BackgroundView.swift */ = {isa = PBXFileReference; lastKnownFileType = sourcecode.swift; path = BackgroundView.swift; sourceTree = "<group>"; };
		9678E58728528EBB00185385 /* CustomSpacer.swift */ = {isa = PBXFileReference; lastKnownFileType = sourcecode.swift; path = CustomSpacer.swift; sourceTree = "<group>"; };
		96F2AC0428539F1800D56A80 /* Shapes.swift */ = {isa = PBXFileReference; lastKnownFileType = sourcecode.swift; path = Shapes.swift; sourceTree = "<group>"; };
		96F2AC062853ABF500D56A80 /* Constants.swift */ = {isa = PBXFileReference; lastKnownFileType = sourcecode.swift; path = Constants.swift; sourceTree = "<group>"; };
		96F2AC082853CD3A00D56A80 /* LeaderboardView.swift */ = {isa = PBXFileReference; lastKnownFileType = sourcecode.swift; path = LeaderboardView.swift; sourceTree = "<group>"; };
/* End PBXFileReference section */

/* Begin PBXFrameworksBuildPhase section */
		966BFBCB285117640081D280 /* Frameworks */ = {
			isa = PBXFrameworksBuildPhase;
			buildActionMask = 2147483647;
			files = (
			);
			runOnlyForDeploymentPostprocessing = 0;
		};
		96715C04284FD250003DDF3D /* Frameworks */ = {
			isa = PBXFrameworksBuildPhase;
			buildActionMask = 2147483647;
			files = (
			);
			runOnlyForDeploymentPostprocessing = 0;
		};
/* End PBXFrameworksBuildPhase section */

/* Begin PBXGroup section */
		966BFBC5285112200081D280 /* Models */ = {
			isa = PBXGroup;
			children = (
				966BFBC8285112D10081D280 /* Game.swift */,
				96F2AC062853ABF500D56A80 /* Constants.swift */,
			);
			path = Models;
			sourceTree = "<group>";
		};
		966BFBC6285112270081D280 /* Views */ = {
			isa = PBXGroup;
			children = (
				96715C0C284FD250003DDF3D /* ContentView.swift */,
				96313E1E28518CAB00EF50CA /* TextViews.swift */,
				96313E2028518FC600EF50CA /* SliderView.swift */,
				96313E222852742600EF50CA /* HitMeButtonView.swift */,
				96313E2428527B9900EF50CA /* RoundedViews.swift */,
				9678E585285286EE00185385 /* BackgroundView.swift */,
				9678E58728528EBB00185385 /* CustomSpacer.swift */,
				9621EF8A2853970500B5A0ED /* PointsView.swift */,
				96F2AC0428539F1800D56A80 /* Shapes.swift */,
				96F2AC082853CD3A00D56A80 /* LeaderboardView.swift */,
			);
			path = Views;
			sourceTree = "<group>";
		};
		966BFBC7285112380081D280 /* App */ = {
			isa = PBXGroup;
			children = (
				96715C0E284FD252003DDF3D /* Assets.xcassets */,
				96715C0A284FD250003DDF3D /* BullseyeApp.swift */,
			);
			path = App;
			sourceTree = "<group>";
		};
		966BFBCF285117640081D280 /* BullseyeTests */ = {
			isa = PBXGroup;
			children = (
				966BFBD0285117640081D280 /* BullseyeTests.swift */,
			);
			path = BullseyeTests;
			sourceTree = "<group>";
		};
		96715BFE284FD250003DDF3D = {
			isa = PBXGroup;
			children = (
				96715C09284FD250003DDF3D /* Bullseye */,
				966BFBCF285117640081D280 /* BullseyeTests */,
				96715C08284FD250003DDF3D /* Products */,
			);
			sourceTree = "<group>";
		};
		96715C08284FD250003DDF3D /* Products */ = {
			isa = PBXGroup;
			children = (
				96715C07284FD250003DDF3D /* Bulls Eye.app */,
				966BFBCE285117640081D280 /* BullseyeTests.xctest */,
			);
			name = Products;
			sourceTree = "<group>";
		};
		96715C09284FD250003DDF3D /* Bullseye */ = {
			isa = PBXGroup;
			children = (
				966BFBC7285112380081D280 /* App */,
				966BFBC6285112270081D280 /* Views */,
				966BFBC5285112200081D280 /* Models */,
				96715C10284FD252003DDF3D /* Preview Content */,
			);
			path = Bullseye;
			sourceTree = "<group>";
		};
		96715C10284FD252003DDF3D /* Preview Content */ = {
			isa = PBXGroup;
			children = (
				96715C11284FD252003DDF3D /* Preview Assets.xcassets */,
			);
			path = "Preview Content";
			sourceTree = "<group>";
		};
/* End PBXGroup section */

/* Begin PBXNativeTarget section */
		966BFBCD285117640081D280 /* BullseyeTests */ = {
			isa = PBXNativeTarget;
			buildConfigurationList = 966BFBD4285117640081D280 /* Build configuration list for PBXNativeTarget "BullseyeTests" */;
			buildPhases = (
				966BFBCA285117640081D280 /* Sources */,
				966BFBCB285117640081D280 /* Frameworks */,
				966BFBCC285117640081D280 /* Resources */,
			);
			buildRules = (
			);
			dependencies = (
				966BFBD3285117640081D280 /* PBXTargetDependency */,
			);
			name = BullseyeTests;
			productName = BullseyeTests;
			productReference = 966BFBCE285117640081D280 /* BullseyeTests.xctest */;
			productType = "com.apple.product-type.bundle.unit-test";
		};
		96715C06284FD250003DDF3D /* Bullseye */ = {
			isa = PBXNativeTarget;
			buildConfigurationList = 96715C15284FD252003DDF3D /* Build configuration list for PBXNativeTarget "Bullseye" */;
			buildPhases = (
				96715C03284FD250003DDF3D /* Sources */,
				96715C04284FD250003DDF3D /* Frameworks */,
				96715C05284FD250003DDF3D /* Resources */,
			);
			buildRules = (
			);
			dependencies = (
			);
			name = Bullseye;
			productName = Bullseye;
			productReference = 96715C07284FD250003DDF3D /* Bulls Eye.app */;
			productType = "com.apple.product-type.application";
		};
/* End PBXNativeTarget section */

/* Begin PBXProject section */
		96715BFF284FD250003DDF3D /* Project object */ = {
			isa = PBXProject;
			attributes = {
				BuildIndependentTargetsInParallel = 1;
				LastSwiftUpdateCheck = 1320;
				LastUpgradeCheck = 1320;
				TargetAttributes = {
					966BFBCD285117640081D280 = {
						CreatedOnToolsVersion = 13.2.1;
						TestTargetID = 96715C06284FD250003DDF3D;
					};
					96715C06284FD250003DDF3D = {
						CreatedOnToolsVersion = 13.2.1;
					};
				};
			};
			buildConfigurationList = 96715C02284FD250003DDF3D /* Build configuration list for PBXProject "Bullseye" */;
			compatibilityVersion = "Xcode 13.0";
			developmentRegion = en;
			hasScannedForEncodings = 0;
			knownRegions = (
				en,
				Base,
			);
			mainGroup = 96715BFE284FD250003DDF3D;
			productRefGroup = 96715C08284FD250003DDF3D /* Products */;
			projectDirPath = "";
			projectRoot = "";
			targets = (
				96715C06284FD250003DDF3D /* Bullseye */,
				966BFBCD285117640081D280 /* BullseyeTests */,
			);
		};
/* End PBXProject section */

/* Begin PBXResourcesBuildPhase section */
		966BFBCC285117640081D280 /* Resources */ = {
			isa = PBXResourcesBuildPhase;
			buildActionMask = 2147483647;
			files = (
			);
			runOnlyForDeploymentPostprocessing = 0;
		};
		96715C05284FD250003DDF3D /* Resources */ = {
			isa = PBXResourcesBuildPhase;
			buildActionMask = 2147483647;
			files = (
				96715C12284FD252003DDF3D /* Preview Assets.xcassets in Resources */,
				96715C0F284FD252003DDF3D /* Assets.xcassets in Resources */,
			);
			runOnlyForDeploymentPostprocessing = 0;
		};
/* End PBXResourcesBuildPhase section */

/* Begin PBXSourcesBuildPhase section */
		966BFBCA285117640081D280 /* Sources */ = {
			isa = PBXSourcesBuildPhase;
			buildActionMask = 2147483647;
			files = (
				966BFBD1285117640081D280 /* BullseyeTests.swift in Sources */,
			);
			runOnlyForDeploymentPostprocessing = 0;
		};
		96715C03284FD250003DDF3D /* Sources */ = {
			isa = PBXSourcesBuildPhase;
			buildActionMask = 2147483647;
			files = (
				96313E232852742600EF50CA /* HitMeButtonView.swift in Sources */,
				96715C0D284FD250003DDF3D /* ContentView.swift in Sources */,
				9678E586285286EE00185385 /* BackgroundView.swift in Sources */,
				96F2AC072853ABF500D56A80 /* Constants.swift in Sources */,
				96313E1F28518CAB00EF50CA /* TextViews.swift in Sources */,
				966BFBC9285112D10081D280 /* Game.swift in Sources */,
				9678E58828528EBB00185385 /* CustomSpacer.swift in Sources */,
				96313E2528527B9900EF50CA /* RoundedViews.swift in Sources */,
				9621EF8B2853970500B5A0ED /* PointsView.swift in Sources */,
				96F2AC0528539F1800D56A80 /* Shapes.swift in Sources */,
				96715C0B284FD250003DDF3D /* BullseyeApp.swift in Sources */,
				96313E2128518FC600EF50CA /* SliderView.swift in Sources */,
				96F2AC092853CD3A00D56A80 /* LeaderboardView.swift in Sources */,
			);
			runOnlyForDeploymentPostprocessing = 0;
		};
/* End PBXSourcesBuildPhase section */

/* Begin PBXTargetDependency section */
		966BFBD3285117640081D280 /* PBXTargetDependency */ = {
			isa = PBXTargetDependency;
			target = 96715C06284FD250003DDF3D /* Bullseye */;
			targetProxy = 966BFBD2285117640081D280 /* PBXContainerItemProxy */;
		};
/* End PBXTargetDependency section */

/* Begin XCBuildConfiguration section */
		966BFBD5285117640081D280 /* Debug */ = {
			isa = XCBuildConfiguration;
			buildSettings = {
				BUNDLE_LOADER = "$(TEST_HOST)";
				CODE_SIGN_STYLE = Automatic;
				CURRENT_PROJECT_VERSION = 1;
				DEVELOPMENT_TEAM = Q7BMC73MAN;
				GENERATE_INFOPLIST_FILE = YES;
				MARKETING_VERSION = 1.0;
				PRODUCT_BUNDLE_IDENTIFIER = com.samskinner.BullseyeTests;
				PRODUCT_NAME = "$(TARGET_NAME)";
				SWIFT_EMIT_LOC_STRINGS = NO;
				SWIFT_VERSION = 5.0;
				TARGETED_DEVICE_FAMILY = "1,2";
				TEST_HOST = "$(BUILT_PRODUCTS_DIR)/Bulls Eye.app/Bulls Eye";
			};
			name = Debug;
		};
		966BFBD6285117640081D280 /* Release */ = {
			isa = XCBuildConfiguration;
			buildSettings = {
				BUNDLE_LOADER = "$(TEST_HOST)";
				CODE_SIGN_STYLE = Automatic;
				CURRENT_PROJECT_VERSION = 1;
				DEVELOPMENT_TEAM = Q7BMC73MAN;
				GENERATE_INFOPLIST_FILE = YES;
				MARKETING_VERSION = 1.0;
				PRODUCT_BUNDLE_IDENTIFIER = com.samskinner.BullseyeTests;
				PRODUCT_NAME = "$(TARGET_NAME)";
				SWIFT_EMIT_LOC_STRINGS = NO;
				SWIFT_VERSION = 5.0;
				TARGETED_DEVICE_FAMILY = "1,2";
				TEST_HOST = "$(BUILT_PRODUCTS_DIR)/Bulls Eye.app/Bulls Eye";
			};
			name = Release;
		};
		96715C13284FD252003DDF3D /* Debug */ = {
			isa = XCBuildConfiguration;
			buildSettings = {
				ALWAYS_SEARCH_USER_PATHS = NO;
				CLANG_ANALYZER_NONNULL = YES;
				CLANG_ANALYZER_NUMBER_OBJECT_CONVERSION = YES_AGGRESSIVE;
				CLANG_CXX_LANGUAGE_STANDARD = "gnu++17";
				CLANG_CXX_LIBRARY = "libc++";
				CLANG_ENABLE_MODULES = YES;
				CLANG_ENABLE_OBJC_ARC = YES;
				CLANG_ENABLE_OBJC_WEAK = YES;
				CLANG_WARN_BLOCK_CAPTURE_AUTORELEASING = YES;
				CLANG_WARN_BOOL_CONVERSION = YES;
				CLANG_WARN_COMMA = YES;
				CLANG_WARN_CONSTANT_CONVERSION = YES;
				CLANG_WARN_DEPRECATED_OBJC_IMPLEMENTATIONS = YES;
				CLANG_WARN_DIRECT_OBJC_ISA_USAGE = YES_ERROR;
				CLANG_WARN_DOCUMENTATION_COMMENTS = YES;
				CLANG_WARN_EMPTY_BODY = YES;
				CLANG_WARN_ENUM_CONVERSION = YES;
				CLANG_WARN_INFINITE_RECURSION = YES;
				CLANG_WARN_INT_CONVERSION = YES;
				CLANG_WARN_NON_LITERAL_NULL_CONVERSION = YES;
				CLANG_WARN_OBJC_IMPLICIT_RETAIN_SELF = YES;
				CLANG_WARN_OBJC_LITERAL_CONVERSION = YES;
				CLANG_WARN_OBJC_ROOT_CLASS = YES_ERROR;
				CLANG_WARN_QUOTED_INCLUDE_IN_FRAMEWORK_HEADER = YES;
				CLANG_WARN_RANGE_LOOP_ANALYSIS = YES;
				CLANG_WARN_STRICT_PROTOTYPES = YES;
				CLANG_WARN_SUSPICIOUS_MOVE = YES;
				CLANG_WARN_UNGUARDED_AVAILABILITY = YES_AGGRESSIVE;
				CLANG_WARN_UNREACHABLE_CODE = YES;
				CLANG_WARN__DUPLICATE_METHOD_MATCH = YES;
				COPY_PHASE_STRIP = NO;
				DEBUG_INFORMATION_FORMAT = dwarf;
				ENABLE_STRICT_OBJC_MSGSEND = YES;
				ENABLE_TESTABILITY = YES;
				GCC_C_LANGUAGE_STANDARD = gnu11;
				GCC_DYNAMIC_NO_PIC = NO;
				GCC_NO_COMMON_BLOCKS = YES;
				GCC_OPTIMIZATION_LEVEL = 0;
				GCC_PREPROCESSOR_DEFINITIONS = (
					"DEBUG=1",
					"$(inherited)",
				);
				GCC_WARN_64_TO_32_BIT_CONVERSION = YES;
				GCC_WARN_ABOUT_RETURN_TYPE = YES_ERROR;
				GCC_WARN_UNDECLARED_SELECTOR = YES;
				GCC_WARN_UNINITIALIZED_AUTOS = YES_AGGRESSIVE;
				GCC_WARN_UNUSED_FUNCTION = YES;
				GCC_WARN_UNUSED_VARIABLE = YES;
				IPHONEOS_DEPLOYMENT_TARGET = 15.2;
				MTL_ENABLE_DEBUG_INFO = INCLUDE_SOURCE;
				MTL_FAST_MATH = YES;
				ONLY_ACTIVE_ARCH = YES;
				SDKROOT = iphoneos;
				SWIFT_ACTIVE_COMPILATION_CONDITIONS = DEBUG;
				SWIFT_OPTIMIZATION_LEVEL = "-Onone";
			};
			name = Debug;
		};
		96715C14284FD252003DDF3D /* Release */ = {
			isa = XCBuildConfiguration;
			buildSettings = {
				ALWAYS_SEARCH_USER_PATHS = NO;
				CLANG_ANALYZER_NONNULL = YES;
				CLANG_ANALYZER_NUMBER_OBJECT_CONVERSION = YES_AGGRESSIVE;
				CLANG_CXX_LANGUAGE_STANDARD = "gnu++17";
				CLANG_CXX_LIBRARY = "libc++";
				CLANG_ENABLE_MODULES = YES;
				CLANG_ENABLE_OBJC_ARC = YES;
				CLANG_ENABLE_OBJC_WEAK = YES;
				CLANG_WARN_BLOCK_CAPTURE_AUTORELEASING = YES;
				CLANG_WARN_BOOL_CONVERSION = YES;
				CLANG_WARN_COMMA = YES;
				CLANG_WARN_CONSTANT_CONVERSION = YES;
				CLANG_WARN_DEPRECATED_OBJC_IMPLEMENTATIONS = YES;
				CLANG_WARN_DIRECT_OBJC_ISA_USAGE = YES_ERROR;
				CLANG_WARN_DOCUMENTATION_COMMENTS = YES;
				CLANG_WARN_EMPTY_BODY = YES;
				CLANG_WARN_ENUM_CONVERSION = YES;
				CLANG_WARN_INFINITE_RECURSION = YES;
				CLANG_WARN_INT_CONVERSION = YES;
				CLANG_WARN_NON_LITERAL_NULL_CONVERSION = YES;
				CLANG_WARN_OBJC_IMPLICIT_RETAIN_SELF = YES;
				CLANG_WARN_OBJC_LITERAL_CONVERSION = YES;
				CLANG_WARN_OBJC_ROOT_CLASS = YES_ERROR;
				CLANG_WARN_QUOTED_INCLUDE_IN_FRAMEWORK_HEADER = YES;
				CLANG_WARN_RANGE_LOOP_ANALYSIS = YES;
				CLANG_WARN_STRICT_PROTOTYPES = YES;
				CLANG_WARN_SUSPICIOUS_MOVE = YES;
				CLANG_WARN_UNGUARDED_AVAILABILITY = YES_AGGRESSIVE;
				CLANG_WARN_UNREACHABLE_CODE = YES;
				CLANG_WARN__DUPLICATE_METHOD_MATCH = YES;
				COPY_PHASE_STRIP = NO;
				DEBUG_INFORMATION_FORMAT = "dwarf-with-dsym";
				ENABLE_NS_ASSERTIONS = NO;
				ENABLE_STRICT_OBJC_MSGSEND = YES;
				GCC_C_LANGUAGE_STANDARD = gnu11;
				GCC_NO_COMMON_BLOCKS = YES;
				GCC_WARN_64_TO_32_BIT_CONVERSION = YES;
				GCC_WARN_ABOUT_RETURN_TYPE = YES_ERROR;
				GCC_WARN_UNDECLARED_SELECTOR = YES;
				GCC_WARN_UNINITIALIZED_AUTOS = YES_AGGRESSIVE;
				GCC_WARN_UNUSED_FUNCTION = YES;
				GCC_WARN_UNUSED_VARIABLE = YES;
				IPHONEOS_DEPLOYMENT_TARGET = 15.2;
				MTL_ENABLE_DEBUG_INFO = NO;
				MTL_FAST_MATH = YES;
				SDKROOT = iphoneos;
				SWIFT_COMPILATION_MODE = wholemodule;
				SWIFT_OPTIMIZATION_LEVEL = "-O";
				VALIDATE_PRODUCT = YES;
			};
			name = Release;
		};
		96715C16284FD252003DDF3D /* Debug */ = {
			isa = XCBuildConfiguration;
			buildSettings = {
				ASSETCATALOG_COMPILER_APPICON_NAME = AppIcon;
				ASSETCATALOG_COMPILER_GLOBAL_ACCENT_COLOR_NAME = AccentColor;
				CODE_SIGN_STYLE = Automatic;
				CURRENT_PROJECT_VERSION = 1;
				DEVELOPMENT_ASSET_PATHS = "\"Bullseye/Preview Content\"";
				DEVELOPMENT_TEAM = LRJ8MW9TVW;
				ENABLE_PREVIEWS = YES;
				GENERATE_INFOPLIST_FILE = YES;
				INFOPLIST_KEY_UIApplicationSceneManifest_Generation = YES;
				INFOPLIST_KEY_UIApplicationSupportsIndirectInputEvents = YES;
				INFOPLIST_KEY_UILaunchScreen_Generation = YES;
				INFOPLIST_KEY_UISupportedInterfaceOrientations = "UIInterfaceOrientationLandscapeLeft UIInterfaceOrientationLandscapeRight UIInterfaceOrientationPortrait";
				INFOPLIST_KEY_UISupportedInterfaceOrientations_iPad = "UIInterfaceOrientationPortrait UIInterfaceOrientationPortraitUpsideDown UIInterfaceOrientationLandscapeLeft UIInterfaceOrientationLandscapeRight";
				INFOPLIST_KEY_UISupportedInterfaceOrientations_iPhone = "UIInterfaceOrientationLandscapeLeft UIInterfaceOrientationLandscapeRight UIInterfaceOrientationPortrait";
				LD_RUNPATH_SEARCH_PATHS = (
					"$(inherited)",
					"@executable_path/Frameworks",
				);
				MARKETING_VERSION = 1.0;
				PRODUCT_BUNDLE_IDENTIFIER = com.samskinnerdev.Bullseye;
				PRODUCT_NAME = "Bulls Eye";
				SWIFT_EMIT_LOC_STRINGS = YES;
				SWIFT_VERSION = 5.0;
				TARGETED_DEVICE_FAMILY = "1,2";
			};
			name = Debug;
		};
		96715C17284FD252003DDF3D /* Release */ = {
			isa = XCBuildConfiguration;
			buildSettings = {
				ASSETCATALOG_COMPILER_APPICON_NAME = AppIcon;
				ASSETCATALOG_COMPILER_GLOBAL_ACCENT_COLOR_NAME = AccentColor;
				CODE_SIGN_STYLE = Automatic;
				CURRENT_PROJECT_VERSION = 1;
				DEVELOPMENT_ASSET_PATHS = "\"Bullseye/Preview Content\"";
				DEVELOPMENT_TEAM = LRJ8MW9TVW;
				ENABLE_PREVIEWS = YES;
				GENERATE_INFOPLIST_FILE = YES;
				INFOPLIST_KEY_UIApplicationSceneManifest_Generation = YES;
				INFOPLIST_KEY_UIApplicationSupportsIndirectInputEvents = YES;
				INFOPLIST_KEY_UILaunchScreen_Generation = YES;
				INFOPLIST_KEY_UISupportedInterfaceOrientations = "UIInterfaceOrientationLandscapeLeft UIInterfaceOrientationLandscapeRight UIInterfaceOrientationPortrait";
				INFOPLIST_KEY_UISupportedInterfaceOrientations_iPad = "UIInterfaceOrientationPortrait UIInterfaceOrientationPortraitUpsideDown UIInterfaceOrientationLandscapeLeft UIInterfaceOrientationLandscapeRight";
				INFOPLIST_KEY_UISupportedInterfaceOrientations_iPhone = "UIInterfaceOrientationLandscapeLeft UIInterfaceOrientationLandscapeRight UIInterfaceOrientationPortrait";
				LD_RUNPATH_SEARCH_PATHS = (
					"$(inherited)",
					"@executable_path/Frameworks",
				);
				MARKETING_VERSION = 1.0;
				PRODUCT_BUNDLE_IDENTIFIER = com.samskinnerdev.Bullseye;
				PRODUCT_NAME = "Bulls Eye";
				SWIFT_EMIT_LOC_STRINGS = YES;
				SWIFT_VERSION = 5.0;
				TARGETED_DEVICE_FAMILY = "1,2";
			};
			name = Release;
		};
/* End XCBuildConfiguration section */

/* Begin XCConfigurationList section */
		966BFBD4285117640081D280 /* Build configuration list for PBXNativeTarget "BullseyeTests" */ = {
			isa = XCConfigurationList;
			buildConfigurations = (
				966BFBD5285117640081D280 /* Debug */,
				966BFBD6285117640081D280 /* Release */,
			);
			defaultConfigurationIsVisible = 0;
			defaultConfigurationName = Release;
		};
		96715C02284FD250003DDF3D /* Build configuration list for PBXProject "Bullseye" */ = {
			isa = XCConfigurationList;
			buildConfigurations = (
				96715C13284FD252003DDF3D /* Debug */,
				96715C14284FD252003DDF3D /* Release */,
			);
			defaultConfigurationIsVisible = 0;
			defaultConfigurationName = Release;
		};
		96715C15284FD252003DDF3D /* Build configuration list for PBXNativeTarget "Bullseye" */ = {
			isa = XCConfigurationList;
			buildConfigurations = (
				96715C16284FD252003DDF3D /* Debug */,
				96715C17284FD252003DDF3D /* Release */,
			);
			defaultConfigurationIsVisible = 0;
			defaultConfigurationName = Release;
		};
/* End XCConfigurationList section */
	};
	rootObject = 96715BFF284FD250003DDF3D /* Project object */;
}
